
Microsoft Visual Studio Solution File, Format Version 12.00
# Visual Studio Version 17
VisualStudioVersion = 17.0.31903.59
MinimumVisualStudioVersion = 10.0.40219.1
Project("{2150E333-8FDC-42A3-9474-1A3956D46DE8}") = "src", "src", "{2F7E6B24-9583-4845-9F65-BEE198B98762}"
EndProject
Project("{FAE04EC0-301F-11D3-BF4B-00C04F79EFBC}") = "F1LapAnalyzer.Api", "src\F1LapAnalyzer.Api\F1LapAnalyzer.Api.csproj", "{315AEE14-61E3-4E5C-BC68-805CEC73EC32}"
EndProject
Project("{FAE04EC0-301F-11D3-BF4B-00C04F79EFBC}") = "F1LapAnalyzer.Core", "src\F1LapAnalyzer.Core\F1LapAnalyzer.Core.csproj", "{12DD55C6-B47D-48BE-8919-ADE9608F80C9}"
EndProject
Global
	GlobalSection(SolutionConfigurationPlatforms) = preSolution
		Debug|Any CPU = Debug|Any CPU
		Release|Any CPU = Release|Any CPU
	EndGlobalSection
	GlobalSection(SolutionProperties) = preSolution
		HideSolutionNode = FALSE
	EndGlobalSection
	GlobalSection(ProjectConfigurationPlatforms) = postSolution
		{315AEE14-61E3-4E5C-BC68-805CEC73EC32}.Debug|Any CPU.ActiveCfg = Debug|Any CPU
		{315AEE14-61E3-4E5C-BC68-805CEC73EC32}.Debug|Any CPU.Build.0 = Debug|Any CPU
		{315AEE14-61E3-4E5C-BC68-805CEC73EC32}.Release|Any CPU.ActiveCfg = Release|Any CPU
		{315AEE14-61E3-4E5C-BC68-805CEC73EC32}.Release|Any CPU.Build.0 = Release|Any CPU
		{12DD55C6-B47D-48BE-8919-ADE9608F80C9}.Debug|Any CPU.ActiveCfg = Debug|Any CPU
		{12DD55C6-B47D-48BE-8919-ADE9608F80C9}.Debug|Any CPU.Build.0 = Debug|Any CPU
		{12DD55C6-B47D-48BE-8919-ADE9608F80C9}.Release|Any CPU.ActiveCfg = Release|Any CPU
		{12DD55C6-B47D-48BE-8919-ADE9608F80C9}.Release|Any CPU.Build.0 = Release|Any CPU
	EndGlobalSection
	GlobalSection(NestedProjects) = preSolution
		{315AEE14-61E3-4E5C-BC68-805CEC73EC32} = {2F7E6B24-9583-4845-9F65-BEE198B98762}
		{12DD55C6-B47D-48BE-8919-ADE9608F80C9} = {2F7E6B24-9583-4845-9F65-BEE198B98762}
	EndGlobalSection
EndGlobal
